{
    "name": "helloworld",
    "version": "1.0.0",
    "lockfileVersion": 1,
    "dependencies": {
        "cordova-plugin-audioinput": {
            "version": "0.3.0",
            "resolved": "https://registry.npmjs.org/cordova-plugin-audioinput/-/cordova-plugin-audioinput-0.3.0.tgz",
            "integrity": "sha1-Wmc33luOaVf6Qg/21NjOu2Z8dQA="
        }
    }
}
